
Microsoft Visual Studio Solution File, Format Version 12.00
# Visual Studio Version 16
VisualStudioVersion = 16.0.29613.14
MinimumVisualStudioVersion = 10.0.40219.1
Project("{FAE04EC0-301F-11D3-BF4B-00C04F79EFBC}") = "RMDataManager", "RMDataManager\RMDataManager.csproj", "{1EBC3398-2F87-4A2D-B600-4D2D0221D5EE}"
EndProject
Project("{00D1A9C2-B5F0-4AF3-8072-F6C62B433612}") = "RMData", "RMData\RMData.sqlproj", "{15DCBEC2-6327-4A92-8AA4-820FEAFE1573}"
EndProject
Project("{FAE04EC0-301F-11D3-BF4B-00C04F79EFBC}") = "RetailManagerWPFGUI", "RMDataManagerWPFGUI\RetailManagerWPFGUI.csproj", "{BFD8C8AB-458E-4BE4-ADE0-8C83D7D8BD99}"
EndProject
Project("{FAE04EC0-301F-11D3-BF4B-00C04F79EFBC}") = "RMDataManager.Library", "RMDataManager.Library\RMDataManager.Library.csproj", "{5AD39D0C-A77A-4EAB-BACD-F744F7226E05}"
EndProject
Project("{FAE04EC0-301F-11D3-BF4B-00C04F79EFBC}") = "RMDesktopUI.Library", "RMDesktopUI.Library\RMDesktopUI.Library.csproj", "{6B585C5E-9844-47D6-AC2C-7777436E5B4E}"
EndProject
Project("{2150E333-8FDC-42A3-9474-1A3956D46DE8}") = "API", "API", "{19453A03-4A15-4E46-9376-67EBDB85655F}"
EndProject
Project("{2150E333-8FDC-42A3-9474-1A3956D46DE8}") = "Database", "Database", "{B488DCC1-CF1B-44E3-A3C2-89CBC4487FF8}"
EndProject
Project("{2150E333-8FDC-42A3-9474-1A3956D46DE8}") = "WPF", "WPF", "{620503F3-6C22-4E43-B769-4F059FDB22FD}"
EndProject
Global
	GlobalSection(SolutionConfigurationPlatforms) = preSolution
		Debug|Any CPU = Debug|Any CPU
		Release|Any CPU = Release|Any CPU
	EndGlobalSection
	GlobalSection(ProjectConfigurationPlatforms) = postSolution
		{1EBC3398-2F87-4A2D-B600-4D2D0221D5EE}.Debug|Any CPU.ActiveCfg = Debug|Any CPU
		{1EBC3398-2F87-4A2D-B600-4D2D0221D5EE}.Debug|Any CPU.Build.0 = Debug|Any CPU
		{1EBC3398-2F87-4A2D-B600-4D2D0221D5EE}.Release|Any CPU.ActiveCfg = Release|Any CPU
		{1EBC3398-2F87-4A2D-B600-4D2D0221D5EE}.Release|Any CPU.Build.0 = Release|Any CPU
		{15DCBEC2-6327-4A92-8AA4-820FEAFE1573}.Debug|Any CPU.ActiveCfg = Debug|Any CPU
		{15DCBEC2-6327-4A92-8AA4-820FEAFE1573}.Debug|Any CPU.Build.0 = Debug|Any CPU
		{15DCBEC2-6327-4A92-8AA4-820FEAFE1573}.Debug|Any CPU.Deploy.0 = Debug|Any CPU
		{15DCBEC2-6327-4A92-8AA4-820FEAFE1573}.Release|Any CPU.ActiveCfg = Release|Any CPU
		{15DCBEC2-6327-4A92-8AA4-820FEAFE1573}.Release|Any CPU.Build.0 = Release|Any CPU
		{15DCBEC2-6327-4A92-8AA4-820FEAFE1573}.Release|Any CPU.Deploy.0 = Release|Any CPU
		{BFD8C8AB-458E-4BE4-ADE0-8C83D7D8BD99}.Debug|Any CPU.ActiveCfg = Debug|Any CPU
		{BFD8C8AB-458E-4BE4-ADE0-8C83D7D8BD99}.Debug|Any CPU.Build.0 = Debug|Any CPU
		{BFD8C8AB-458E-4BE4-ADE0-8C83D7D8BD99}.Release|Any CPU.ActiveCfg = Release|Any CPU
		{BFD8C8AB-458E-4BE4-ADE0-8C83D7D8BD99}.Release|Any CPU.Build.0 = Release|Any CPU
		{5AD39D0C-A77A-4EAB-BACD-F744F7226E05}.Debug|Any CPU.ActiveCfg = Debug|Any CPU
		{5AD39D0C-A77A-4EAB-BACD-F744F7226E05}.Debug|Any CPU.Build.0 = Debug|Any CPU
		{5AD39D0C-A77A-4EAB-BACD-F744F7226E05}.Release|Any CPU.ActiveCfg = Release|Any CPU
		{5AD39D0C-A77A-4EAB-BACD-F744F7226E05}.Release|Any CPU.Build.0 = Release|Any CPU
		{6B585C5E-9844-47D6-AC2C-7777436E5B4E}.Debug|Any CPU.ActiveCfg = Debug|Any CPU
		{6B585C5E-9844-47D6-AC2C-7777436E5B4E}.Debug|Any CPU.Build.0 = Debug|Any CPU
		{6B585C5E-9844-47D6-AC2C-7777436E5B4E}.Release|Any CPU.ActiveCfg = Release|Any CPU
		{6B585C5E-9844-47D6-AC2C-7777436E5B4E}.Release|Any CPU.Build.0 = Release|Any CPU
	EndGlobalSection
	GlobalSection(SolutionProperties) = preSolution
		HideSolutionNode = FALSE
	EndGlobalSection
	GlobalSection(NestedProjects) = preSolution
		{1EBC3398-2F87-4A2D-B600-4D2D0221D5EE} = {19453A03-4A15-4E46-9376-67EBDB85655F}
		{15DCBEC2-6327-4A92-8AA4-820FEAFE1573} = {B488DCC1-CF1B-44E3-A3C2-89CBC4487FF8}
		{BFD8C8AB-458E-4BE4-ADE0-8C83D7D8BD99} = {620503F3-6C22-4E43-B769-4F059FDB22FD}
		{5AD39D0C-A77A-4EAB-BACD-F744F7226E05} = {19453A03-4A15-4E46-9376-67EBDB85655F}
		{6B585C5E-9844-47D6-AC2C-7777436E5B4E} = {620503F3-6C22-4E43-B769-4F059FDB22FD}
	EndGlobalSection
	GlobalSection(ExtensibilityGlobals) = postSolution
		SolutionGuid = {3EE9A343-4AEE-4CCB-A76E-F8536F950F54}
	EndGlobalSection
EndGlobal
